// !$*UTF8*$!
{
	archiveVersion = 1;
	classes = {
	};
	objectVersion = 56;
	objects = {

/* Begin PBXBuildFile section */
		023FC7D12BE454FC007A6DD7 /* Project_TrackerApp.swift in Sources */ = {isa = PBXBuildFile; fileRef = 023FC7D02BE454FC007A6DD7 /* Project_TrackerApp.swift */; };
		023FC7D32BE454FC007A6DD7 /* ProjectListView.swift in Sources */ = {isa = PBXBuildFile; fileRef = 023FC7D22BE454FC007A6DD7 /* ProjectListView.swift */; };
		023FC7D52BE454FD007A6DD7 /* Assets.xcassets in Resources */ = {isa = PBXBuildFile; fileRef = 023FC7D42BE454FD007A6DD7 /* Assets.xcassets */; };
		023FC7D82BE454FD007A6DD7 /* Preview Assets.xcassets in Resources */ = {isa = PBXBuildFile; fileRef = 023FC7D72BE454FD007A6DD7 /* Preview Assets.xcassets */; };
		023FC7DF2BE45AD2007A6DD7 /* Project.swift in Sources */ = {isa = PBXBuildFile; fileRef = 023FC7DE2BE45AD2007A6DD7 /* Project.swift */; };
		023FC7E12BE45B68007A6DD7 /* ProjectUpdate.swift in Sources */ = {isa = PBXBuildFile; fileRef = 023FC7E02BE45B68007A6DD7 /* ProjectUpdate.swift */; };
		023FC7E62BE4614F007A6DD7 /* FontHelper.swift in Sources */ = {isa = PBXBuildFile; fileRef = 023FC7E52BE4614F007A6DD7 /* FontHelper.swift */; };
		023FC7E92BE5B1B7007A6DD7 /* StatBubbleView.swift in Sources */ = {isa = PBXBuildFile; fileRef = 023FC7E82BE5B1B7007A6DD7 /* StatBubbleView.swift */; };
		023FC7EB2BE5B427007A6DD7 /* ProjectCardView.swift in Sources */ = {isa = PBXBuildFile; fileRef = 023FC7EA2BE5B427007A6DD7 /* ProjectCardView.swift */; };
		023FC7ED2BE5B6FF007A6DD7 /* EditProjectView.swift in Sources */ = {isa = PBXBuildFile; fileRef = 023FC7EC2BE5B6FF007A6DD7 /* EditProjectView.swift */; };
		023FC7F02BE5D263007A6DD7 /* ProjectDetailView.swift in Sources */ = {isa = PBXBuildFile; fileRef = 023FC7EF2BE5D263007A6DD7 /* ProjectDetailView.swift */; };
		023FC7F22BE5EC22007A6DD7 /* ProjectUpdateView.swift in Sources */ = {isa = PBXBuildFile; fileRef = 023FC7F12BE5EC22007A6DD7 /* ProjectUpdateView.swift */; };
		028F1C932BE6D7A10076270C /* EditUpdateView.swift in Sources */ = {isa = PBXBuildFile; fileRef = 028F1C922BE6D7A10076270C /* EditUpdateView.swift */; };
		028F1C952BE6DF660076270C /* DateHelper.swift in Sources */ = {isa = PBXBuildFile; fileRef = 028F1C942BE6DF660076270C /* DateHelper.swift */; };
		028F1C972BE6EA070076270C /* EditFocusView.swift in Sources */ = {isa = PBXBuildFile; fileRef = 028F1C962BE6EA070076270C /* EditFocusView.swift */; };
		028F1C992BE70E2D0076270C /* StatHelper.swift in Sources */ = {isa = PBXBuildFile; fileRef = 028F1C982BE70E2D0076270C /* StatHelper.swift */; };
/* End PBXBuildFile section */

/* Begin PBXFileReference section */
		023FC7CD2BE454FC007A6DD7 /* Project Tracker.app */ = {isa = PBXFileReference; explicitFileType = wrapper.application; includeInIndex = 0; path = "Project Tracker.app"; sourceTree = BUILT_PRODUCTS_DIR; };
		023FC7D02BE454FC007A6DD7 /* Project_TrackerApp.swift */ = {isa = PBXFileReference; lastKnownFileType = sourcecode.swift; path = Project_TrackerApp.swift; sourceTree = "<group>"; };
		023FC7D22BE454FC007A6DD7 /* ProjectListView.swift */ = {isa = PBXFileReference; lastKnownFileType = sourcecode.swift; path = ProjectListView.swift; sourceTree = "<group>"; };
		023FC7D42BE454FD007A6DD7 /* Assets.xcassets */ = {isa = PBXFileReference; lastKnownFileType = folder.assetcatalog; path = Assets.xcassets; sourceTree = "<group>"; };
		023FC7D72BE454FD007A6DD7 /* Preview Assets.xcassets */ = {isa = PBXFileReference; lastKnownFileType = folder.assetcatalog; path = "Preview Assets.xcassets"; sourceTree = "<group>"; };
		023FC7DE2BE45AD2007A6DD7 /* Project.swift */ = {isa = PBXFileReference; lastKnownFileType = sourcecode.swift; path = Project.swift; sourceTree = "<group>"; };
		023FC7E02BE45B68007A6DD7 /* ProjectUpdate.swift */ = {isa = PBXFileReference; lastKnownFileType = sourcecode.swift; path = ProjectUpdate.swift; sourceTree = "<group>"; };
		023FC7E52BE4614F007A6DD7 /* FontHelper.swift */ = {isa = PBXFileReference; lastKnownFileType = sourcecode.swift; path = FontHelper.swift; sourceTree = "<group>"; };
		023FC7E82BE5B1B7007A6DD7 /* StatBubbleView.swift */ = {isa = PBXFileReference; lastKnownFileType = sourcecode.swift; path = StatBubbleView.swift; sourceTree = "<group>"; };
		023FC7EA2BE5B427007A6DD7 /* ProjectCardView.swift */ = {isa = PBXFileReference; lastKnownFileType = sourcecode.swift; path = ProjectCardView.swift; sourceTree = "<group>"; };
		023FC7EC2BE5B6FF007A6DD7 /* EditProjectView.swift */ = {isa = PBXFileReference; lastKnownFileType = sourcecode.swift; path = EditProjectView.swift; sourceTree = "<group>"; };
		023FC7EF2BE5D263007A6DD7 /* ProjectDetailView.swift */ = {isa = PBXFileReference; lastKnownFileType = sourcecode.swift; path = ProjectDetailView.swift; sourceTree = "<group>"; };
		023FC7F12BE5EC22007A6DD7 /* ProjectUpdateView.swift */ = {isa = PBXFileReference; lastKnownFileType = sourcecode.swift; path = ProjectUpdateView.swift; sourceTree = "<group>"; };
		028F1C922BE6D7A10076270C /* EditUpdateView.swift */ = {isa = PBXFileReference; lastKnownFileType = sourcecode.swift; path = EditUpdateView.swift; sourceTree = "<group>"; };
		028F1C942BE6DF660076270C /* DateHelper.swift */ = {isa = PBXFileReference; lastKnownFileType = sourcecode.swift; path = DateHelper.swift; sourceTree = "<group>"; };
		028F1C962BE6EA070076270C /* EditFocusView.swift */ = {isa = PBXFileReference; lastKnownFileType = sourcecode.swift; path = EditFocusView.swift; sourceTree = "<group>"; };
		028F1C982BE70E2D0076270C /* StatHelper.swift */ = {isa = PBXFileReference; lastKnownFileType = sourcecode.swift; path = StatHelper.swift; sourceTree = "<group>"; };
/* End PBXFileReference section */

/* Begin PBXFrameworksBuildPhase section */
		023FC7CA2BE454FC007A6DD7 /* Frameworks */ = {
			isa = PBXFrameworksBuildPhase;
			buildActionMask = 2147483647;
			files = (
			);
			runOnlyForDeploymentPostprocessing = 0;
		};
/* End PBXFrameworksBuildPhase section */

/* Begin PBXGroup section */
		023FC7C42BE454FC007A6DD7 = {
			isa = PBXGroup;
			children = (
				023FC7CF2BE454FC007A6DD7 /* Project Tracker */,
				023FC7CE2BE454FC007A6DD7 /* Products */,
			);
			sourceTree = "<group>";
		};
		023FC7CE2BE454FC007A6DD7 /* Products */ = {
			isa = PBXGroup;
			children = (
				023FC7CD2BE454FC007A6DD7 /* Project Tracker.app */,
			);
			name = Products;
			sourceTree = "<group>";
		};
		023FC7CF2BE454FC007A6DD7 /* Project Tracker */ = {
			isa = PBXGroup;
			children = (
				023FC7D02BE454FC007A6DD7 /* Project_TrackerApp.swift */,
				023FC7E72BE5B19A007A6DD7 /* ProjectList */,
				023FC7EE2BE5D231007A6DD7 /* ProjectDetial */,
				023FC7E32BE460F7007A6DD7 /* Models */,
				023FC7E42BE4611F007A6DD7 /* Helpers */,
				023FC7D42BE454FD007A6DD7 /* Assets.xcassets */,
				023FC7D62BE454FD007A6DD7 /* Preview Content */,
			);
			path = "Project Tracker";
			sourceTree = "<group>";
		};
		023FC7D62BE454FD007A6DD7 /* Preview Content */ = {
			isa = PBXGroup;
			children = (
				023FC7D72BE454FD007A6DD7 /* Preview Assets.xcassets */,
			);
			path = "Preview Content";
			sourceTree = "<group>";
		};
		023FC7E32BE460F7007A6DD7 /* Models */ = {
			isa = PBXGroup;
			children = (
				023FC7DE2BE45AD2007A6DD7 /* Project.swift */,
				023FC7E02BE45B68007A6DD7 /* ProjectUpdate.swift */,
			);
			path = Models;
			sourceTree = "<group>";
		};
		023FC7E42BE4611F007A6DD7 /* Helpers */ = {
			isa = PBXGroup;
			children = (
				023FC7E52BE4614F007A6DD7 /* FontHelper.swift */,
				028F1C942BE6DF660076270C /* DateHelper.swift */,
				028F1C982BE70E2D0076270C /* StatHelper.swift */,
			);
			path = Helpers;
			sourceTree = "<group>";
		};
		023FC7E72BE5B19A007A6DD7 /* ProjectList */ = {
			isa = PBXGroup;
			children = (
				023FC7D22BE454FC007A6DD7 /* ProjectListView.swift */,
				023FC7EA2BE5B427007A6DD7 /* ProjectCardView.swift */,
				023FC7E82BE5B1B7007A6DD7 /* StatBubbleView.swift */,
				023FC7EC2BE5B6FF007A6DD7 /* EditProjectView.swift */,
			);
			path = ProjectList;
			sourceTree = "<group>";
		};
		023FC7EE2BE5D231007A6DD7 /* ProjectDetial */ = {
			isa = PBXGroup;
			children = (
				023FC7EF2BE5D263007A6DD7 /* ProjectDetailView.swift */,
				023FC7F12BE5EC22007A6DD7 /* ProjectUpdateView.swift */,
				028F1C922BE6D7A10076270C /* EditUpdateView.swift */,
				028F1C962BE6EA070076270C /* EditFocusView.swift */,
			);
			path = ProjectDetial;
			sourceTree = "<group>";
		};
/* End PBXGroup section */

/* Begin PBXNativeTarget section */
		023FC7CC2BE454FC007A6DD7 /* Project Tracker */ = {
			isa = PBXNativeTarget;
			buildConfigurationList = 023FC7DB2BE454FD007A6DD7 /* Build configuration list for PBXNativeTarget "Project Tracker" */;
			buildPhases = (
				023FC7C92BE454FC007A6DD7 /* Sources */,
				023FC7CA2BE454FC007A6DD7 /* Frameworks */,
				023FC7CB2BE454FC007A6DD7 /* Resources */,
			);
			buildRules = (
			);
			dependencies = (
			);
			name = "Project Tracker";
			productName = "Project Tracker";
			productReference = 023FC7CD2BE454FC007A6DD7 /* Project Tracker.app */;
			productType = "com.apple.product-type.application";
		};
/* End PBXNativeTarget section */

/* Begin PBXProject section */
		023FC7C52BE454FC007A6DD7 /* Project object */ = {
			isa = PBXProject;
			attributes = {
				BuildIndependentTargetsInParallel = 1;
				LastSwiftUpdateCheck = 1530;
				LastUpgradeCheck = 1530;
				TargetAttributes = {
					023FC7CC2BE454FC007A6DD7 = {
						CreatedOnToolsVersion = 15.3;
					};
				};
			};
			buildConfigurationList = 023FC7C82BE454FC007A6DD7 /* Build configuration list for PBXProject "Project Tracker" */;
			compatibilityVersion = "Xcode 14.0";
			developmentRegion = en;
			hasScannedForEncodings = 0;
			knownRegions = (
				en,
				Base,
			);
			mainGroup = 023FC7C42BE454FC007A6DD7;
			productRefGroup = 023FC7CE2BE454FC007A6DD7 /* Products */;
			projectDirPath = "";
			projectRoot = "";
			targets = (
				023FC7CC2BE454FC007A6DD7 /* Project Tracker */,
			);
		};
/* End PBXProject section */

/* Begin PBXResourcesBuildPhase section */
		023FC7CB2BE454FC007A6DD7 /* Resources */ = {
			isa = PBXResourcesBuildPhase;
			buildActionMask = 2147483647;
			files = (
				023FC7D82BE454FD007A6DD7 /* Preview Assets.xcassets in Resources */,
				023FC7D52BE454FD007A6DD7 /* Assets.xcassets in Resources */,
			);
			runOnlyForDeploymentPostprocessing = 0;
		};
/* End PBXResourcesBuildPhase section */

/* Begin PBXSourcesBuildPhase section */
		023FC7C92BE454FC007A6DD7 /* Sources */ = {
			isa = PBXSourcesBuildPhase;
			buildActionMask = 2147483647;
			files = (
				028F1C952BE6DF660076270C /* DateHelper.swift in Sources */,
				023FC7E12BE45B68007A6DD7 /* ProjectUpdate.swift in Sources */,
				028F1C972BE6EA070076270C /* EditFocusView.swift in Sources */,
				023FC7E62BE4614F007A6DD7 /* FontHelper.swift in Sources */,
				023FC7F02BE5D263007A6DD7 /* ProjectDetailView.swift in Sources */,
				023FC7ED2BE5B6FF007A6DD7 /* EditProjectView.swift in Sources */,
				023FC7D32BE454FC007A6DD7 /* ProjectListView.swift in Sources */,
				023FC7D12BE454FC007A6DD7 /* Project_TrackerApp.swift in Sources */,
				023FC7E92BE5B1B7007A6DD7 /* StatBubbleView.swift in Sources */,
				023FC7F22BE5EC22007A6DD7 /* ProjectUpdateView.swift in Sources */,
				023FC7EB2BE5B427007A6DD7 /* ProjectCardView.swift in Sources */,
				028F1C992BE70E2D0076270C /* StatHelper.swift in Sources */,
				023FC7DF2BE45AD2007A6DD7 /* Project.swift in Sources */,
				028F1C932BE6D7A10076270C /* EditUpdateView.swift in Sources */,
			);
			runOnlyForDeploymentPostprocessing = 0;
		};
/* End PBXSourcesBuildPhase section */

/* Begin XCBuildConfiguration section */
		023FC7D92BE454FD007A6DD7 /* Debug */ = {
			isa = XCBuildConfiguration;
			buildSettings = {
				ALWAYS_SEARCH_USER_PATHS = NO;
				ASSETCATALOG_COMPILER_GENERATE_SWIFT_ASSET_SYMBOL_EXTENSIONS = YES;
				CLANG_ANALYZER_NONNULL = YES;
				CLANG_ANALYZER_NUMBER_OBJECT_CONVERSION = YES_AGGRESSIVE;
				CLANG_CXX_LANGUAGE_STANDARD = "gnu++20";
				CLANG_ENABLE_MODULES = YES;
				CLANG_ENABLE_OBJC_ARC = YES;
				CLANG_ENABLE_OBJC_WEAK = YES;
				CLANG_WARN_BLOCK_CAPTURE_AUTORELEASING = YES;
				CLANG_WARN_BOOL_CONVERSION = YES;
				CLANG_WARN_COMMA = YES;
				CLANG_WARN_CONSTANT_CONVERSION = YES;
				CLANG_WARN_DEPRECATED_OBJC_IMPLEMENTATIONS = YES;
				CLANG_WARN_DIRECT_OBJC_ISA_USAGE = YES_ERROR;
				CLANG_WARN_DOCUMENTATION_COMMENTS = YES;
				CLANG_WARN_EMPTY_BODY = YES;
				CLANG_WARN_ENUM_CONVERSION = YES;
				CLANG_WARN_INFINITE_RECURSION = YES;
				CLANG_WARN_INT_CONVERSION = YES;
				CLANG_WARN_NON_LITERAL_NULL_CONVERSION = YES;
				CLANG_WARN_OBJC_IMPLICIT_RETAIN_SELF = YES;
				CLANG_WARN_OBJC_LITERAL_CONVERSION = YES;
				CLANG_WARN_OBJC_ROOT_CLASS = YES_ERROR;
				CLANG_WARN_QUOTED_INCLUDE_IN_FRAMEWORK_HEADER = YES;
				CLANG_WARN_RANGE_LOOP_ANALYSIS = YES;
				CLANG_WARN_STRICT_PROTOTYPES = YES;
				CLANG_WARN_SUSPICIOUS_MOVE = YES;
				CLANG_WARN_UNGUARDED_AVAILABILITY = YES_AGGRESSIVE;
				CLANG_WARN_UNREACHABLE_CODE = YES;
				CLANG_WARN__DUPLICATE_METHOD_MATCH = YES;
				COPY_PHASE_STRIP = NO;
				DEBUG_INFORMATION_FORMAT = dwarf;
				ENABLE_STRICT_OBJC_MSGSEND = YES;
				ENABLE_TESTABILITY = YES;
				ENABLE_USER_SCRIPT_SANDBOXING = YES;
				GCC_C_LANGUAGE_STANDARD = gnu17;
				GCC_DYNAMIC_NO_PIC = NO;
				GCC_NO_COMMON_BLOCKS = YES;
				GCC_OPTIMIZATION_LEVEL = 0;
				GCC_PREPROCESSOR_DEFINITIONS = (
					"DEBUG=1",
					"$(inherited)",
				);
				GCC_WARN_64_TO_32_BIT_CONVERSION = YES;
				GCC_WARN_ABOUT_RETURN_TYPE = YES_ERROR;
				GCC_WARN_UNDECLARED_SELECTOR = YES;
				GCC_WARN_UNINITIALIZED_AUTOS = YES_AGGRESSIVE;
				GCC_WARN_UNUSED_FUNCTION = YES;
				GCC_WARN_UNUSED_VARIABLE = YES;
				IPHONEOS_DEPLOYMENT_TARGET = 17.4;
				LOCALIZATION_PREFERS_STRING_CATALOGS = YES;
				MTL_ENABLE_DEBUG_INFO = INCLUDE_SOURCE;
				MTL_FAST_MATH = YES;
				ONLY_ACTIVE_ARCH = YES;
				SDKROOT = iphoneos;
				SWIFT_ACTIVE_COMPILATION_CONDITIONS = "DEBUG $(inherited)";
				SWIFT_OPTIMIZATION_LEVEL = "-Onone";
			};
			name = Debug;
		};
		023FC7DA2BE454FD007A6DD7 /* Release */ = {
			isa = XCBuildConfiguration;
			buildSettings = {
				ALWAYS_SEARCH_USER_PATHS = NO;
				ASSETCATALOG_COMPILER_GENERATE_SWIFT_ASSET_SYMBOL_EXTENSIONS = YES;
				CLANG_ANALYZER_NONNULL = YES;
				CLANG_ANALYZER_NUMBER_OBJECT_CONVERSION = YES_AGGRESSIVE;
				CLANG_CXX_LANGUAGE_STANDARD = "gnu++20";
				CLANG_ENABLE_MODULES = YES;
				CLANG_ENABLE_OBJC_ARC = YES;
				CLANG_ENABLE_OBJC_WEAK = YES;
				CLANG_WARN_BLOCK_CAPTURE_AUTORELEASING = YES;
				CLANG_WARN_BOOL_CONVERSION = YES;
				CLANG_WARN_COMMA = YES;
				CLANG_WARN_CONSTANT_CONVERSION = YES;
				CLANG_WARN_DEPRECATED_OBJC_IMPLEMENTATIONS = YES;
				CLANG_WARN_DIRECT_OBJC_ISA_USAGE = YES_ERROR;
				CLANG_WARN_DOCUMENTATION_COMMENTS = YES;
				CLANG_WARN_EMPTY_BODY = YES;
				CLANG_WARN_ENUM_CONVERSION = YES;
				CLANG_WARN_INFINITE_RECURSION = YES;
				CLANG_WARN_INT_CONVERSION = YES;
				CLANG_WARN_NON_LITERAL_NULL_CONVERSION = YES;
				CLANG_WARN_OBJC_IMPLICIT_RETAIN_SELF = YES;
				CLANG_WARN_OBJC_LITERAL_CONVERSION = YES;
				CLANG_WARN_OBJC_ROOT_CLASS = YES_ERROR;
				CLANG_WARN_QUOTED_INCLUDE_IN_FRAMEWORK_HEADER = YES;
				CLANG_WARN_RANGE_LOOP_ANALYSIS = YES;
				CLANG_WARN_STRICT_PROTOTYPES = YES;
				CLANG_WARN_SUSPICIOUS_MOVE = YES;
				CLANG_WARN_UNGUARDED_AVAILABILITY = YES_AGGRESSIVE;
				CLANG_WARN_UNREACHABLE_CODE = YES;
				CLANG_WARN__DUPLICATE_METHOD_MATCH = YES;
				COPY_PHASE_STRIP = NO;
				DEBUG_INFORMATION_FORMAT = "dwarf-with-dsym";
				ENABLE_NS_ASSERTIONS = NO;
				ENABLE_STRICT_OBJC_MSGSEND = YES;
				ENABLE_USER_SCRIPT_SANDBOXING = YES;
				GCC_C_LANGUAGE_STANDARD = gnu17;
				GCC_NO_COMMON_BLOCKS = YES;
				GCC_WARN_64_TO_32_BIT_CONVERSION = YES;
				GCC_WARN_ABOUT_RETURN_TYPE = YES_ERROR;
				GCC_WARN_UNDECLARED_SELECTOR = YES;
				GCC_WARN_UNINITIALIZED_AUTOS = YES_AGGRESSIVE;
				GCC_WARN_UNUSED_FUNCTION = YES;
				GCC_WARN_UNUSED_VARIABLE = YES;
				IPHONEOS_DEPLOYMENT_TARGET = 17.4;
				LOCALIZATION_PREFERS_STRING_CATALOGS = YES;
				MTL_ENABLE_DEBUG_INFO = NO;
				MTL_FAST_MATH = YES;
				SDKROOT = iphoneos;
				SWIFT_COMPILATION_MODE = wholemodule;
				VALIDATE_PRODUCT = YES;
			};
			name = Release;
		};
		023FC7DC2BE454FD007A6DD7 /* Debug */ = {
			isa = XCBuildConfiguration;
			buildSettings = {
				ASSETCATALOG_COMPILER_APPICON_NAME = AppIcon;
				ASSETCATALOG_COMPILER_GLOBAL_ACCENT_COLOR_NAME = AccentColor;
				CODE_SIGN_STYLE = Automatic;
				CURRENT_PROJECT_VERSION = 1;
				DEVELOPMENT_ASSET_PATHS = "\"Project Tracker/Preview Content\"";
				DEVELOPMENT_TEAM = K2553WZ9UQ;
				ENABLE_PREVIEWS = YES;
				GENERATE_INFOPLIST_FILE = YES;
				INFOPLIST_KEY_UIApplicationSceneManifest_Generation = YES;
				INFOPLIST_KEY_UIApplicationSupportsIndirectInputEvents = YES;
				INFOPLIST_KEY_UILaunchScreen_Generation = YES;
				INFOPLIST_KEY_UISupportedInterfaceOrientations_iPad = "UIInterfaceOrientationPortrait UIInterfaceOrientationPortraitUpsideDown UIInterfaceOrientationLandscapeLeft UIInterfaceOrientationLandscapeRight";
				INFOPLIST_KEY_UISupportedInterfaceOrientations_iPhone = "UIInterfaceOrientationPortrait UIInterfaceOrientationLandscapeLeft UIInterfaceOrientationLandscapeRight";
				LD_RUNPATH_SEARCH_PATHS = (
					"$(inherited)",
					"@executable_path/Frameworks",
				);
				MARKETING_VERSION = 1.0;
				PRODUCT_BUNDLE_IDENTIFIER = "com.app.Project-Tracker";
				PRODUCT_NAME = "$(TARGET_NAME)";
				SWIFT_EMIT_LOC_STRINGS = YES;
				SWIFT_VERSION = 5.0;
				TARGETED_DEVICE_FAMILY = "1,2";
			};
			name = Debug;
		};
		023FC7DD2BE454FD007A6DD7 /* Release */ = {
			isa = XCBuildConfiguration;
			buildSettings = {
				ASSETCATALOG_COMPILER_APPICON_NAME = AppIcon;
				ASSETCATALOG_COMPILER_GLOBAL_ACCENT_COLOR_NAME = AccentColor;
				CODE_SIGN_STYLE = Automatic;
				CURRENT_PROJECT_VERSION = 1;
				DEVELOPMENT_ASSET_PATHS = "\"Project Tracker/Preview Content\"";
				DEVELOPMENT_TEAM = K2553WZ9UQ;
				ENABLE_PREVIEWS = YES;
				GENERATE_INFOPLIST_FILE = YES;
				INFOPLIST_KEY_UIApplicationSceneManifest_Generation = YES;
				INFOPLIST_KEY_UIApplicationSupportsIndirectInputEvents = YES;
				INFOPLIST_KEY_UILaunchScreen_Generation = YES;
				INFOPLIST_KEY_UISupportedInterfaceOrientations_iPad = "UIInterfaceOrientationPortrait UIInterfaceOrientationPortraitUpsideDown UIInterfaceOrientationLandscapeLeft UIInterfaceOrientationLandscapeRight";
				INFOPLIST_KEY_UISupportedInterfaceOrientations_iPhone = "UIInterfaceOrientationPortrait UIInterfaceOrientationLandscapeLeft UIInterfaceOrientationLandscapeRight";
				LD_RUNPATH_SEARCH_PATHS = (
					"$(inherited)",
					"@executable_path/Frameworks",
				);
				MARKETING_VERSION = 1.0;
				PRODUCT_BUNDLE_IDENTIFIER = "com.app.Project-Tracker";
				PRODUCT_NAME = "$(TARGET_NAME)";
				SWIFT_EMIT_LOC_STRINGS = YES;
				SWIFT_VERSION = 5.0;
				TARGETED_DEVICE_FAMILY = "1,2";
			};
			name = Release;
		};
/* End XCBuildConfiguration section */

/* Begin XCConfigurationList section */
		023FC7C82BE454FC007A6DD7 /* Build configuration list for PBXProject "Project Tracker" */ = {
			isa = XCConfigurationList;
			buildConfigurations = (
				023FC7D92BE454FD007A6DD7 /* Debug */,
				023FC7DA2BE454FD007A6DD7 /* Release */,
			);
			defaultConfigurationIsVisible = 0;
			defaultConfigurationName = Release;
		};
		023FC7DB2BE454FD007A6DD7 /* Build configuration list for PBXNativeTarget "Project Tracker" */ = {
			isa = XCConfigurationList;
			buildConfigurations = (
				023FC7DC2BE454FD007A6DD7 /* Debug */,
				023FC7DD2BE454FD007A6DD7 /* Release */,
			);
			defaultConfigurationIsVisible = 0;
			defaultConfigurationName = Release;
		};
/* End XCConfigurationList section */
	};
	rootObject = 023FC7C52BE454FC007A6DD7 /* Project object */;
}
